
Microsoft Visual Studio Solution File, Format Version 12.00
# Visual Studio Version 16
VisualStudioVersion = 16.0.29709.97
MinimumVisualStudioVersion = 10.0.40219.1
Project("{FAE04EC0-301F-11D3-BF4B-00C04F79EFBC}") = "PatientMonitoringSystem", "PatientMonitoringSystem\PatientMonitoringSystem.csproj", "{F5C1D365-9944-46A4-9487-EBF4550DE487}"
EndProject
Project("{FAE04EC0-301F-11D3-BF4B-00C04F79EFBC}") = "PatientMonitoringSystem.Tests", "PatientMonitoringSystem.Tests\PatientMonitoringSystem.Tests.csproj", "{243548EE-8B15-4892-8C43-BF9E3FB90207}"
EndProject
Global
	GlobalSection(SolutionConfigurationPlatforms) = preSolution
		Debug|Any CPU = Debug|Any CPU
		Release|Any CPU = Release|Any CPU
	EndGlobalSection
	GlobalSection(ProjectConfigurationPlatforms) = postSolution
		{F5C1D365-9944-46A4-9487-EBF4550DE487}.Debug|Any CPU.ActiveCfg = Debug|Any CPU
		{F5C1D365-9944-46A4-9487-EBF4550DE487}.Debug|Any CPU.Build.0 = Debug|Any CPU
		{F5C1D365-9944-46A4-9487-EBF4550DE487}.Release|Any CPU.ActiveCfg = Release|Any CPU
		{F5C1D365-9944-46A4-9487-EBF4550DE487}.Release|Any CPU.Build.0 = Release|Any CPU
		{243548EE-8B15-4892-8C43-BF9E3FB90207}.Debug|Any CPU.ActiveCfg = Debug|Any CPU
		{243548EE-8B15-4892-8C43-BF9E3FB90207}.Debug|Any CPU.Build.0 = Debug|Any CPU
		{243548EE-8B15-4892-8C43-BF9E3FB90207}.Release|Any CPU.ActiveCfg = Release|Any CPU
		{243548EE-8B15-4892-8C43-BF9E3FB90207}.Release|Any CPU.Build.0 = Release|Any CPU
	EndGlobalSection
	GlobalSection(SolutionProperties) = preSolution
		HideSolutionNode = FALSE
	EndGlobalSection
	GlobalSection(ExtensibilityGlobals) = postSolution
		SolutionGuid = {EFB62365-C322-4A08-949A-0F5644506E98}
	EndGlobalSection
EndGlobal
